
Microsoft Visual Studio Solution File, Format Version 12.00
# Visual Studio 14
VisualStudioVersion = 14.0.25420.1
MinimumVisualStudioVersion = 10.0.40219.1
Project("{FAE04EC0-301F-11D3-BF4B-00C04F79EFBC}") = "HelloWorld", "HelloWorld\HelloWorld.csproj", "{35F28D7A-3EB8-45E1-B78D-AE213448240F}"
EndProject
Project("{FAE04EC0-301F-11D3-BF4B-00C04F79EFBC}") = "Stoplight", "Stoplight\Stoplight.csproj", "{684D0C37-49CB-4FF7-9A4C-161D3A85AAF5}"
EndProject
Project("{FAE04EC0-301F-11D3-BF4B-00C04F79EFBC}") = "NNBB1", "NNBB1\NNBB1.csproj", "{9C07212F-82BF-4E32-9EE3-5613F775ADBB}"
EndProject
Global
	GlobalSection(SolutionConfigurationPlatforms) = preSolution
		Debug|Any CPU = Debug|Any CPU
		Release|Any CPU = Release|Any CPU
	EndGlobalSection
	GlobalSection(ProjectConfigurationPlatforms) = postSolution
		{35F28D7A-3EB8-45E1-B78D-AE213448240F}.Debug|Any CPU.ActiveCfg = Debug|Any CPU
		{35F28D7A-3EB8-45E1-B78D-AE213448240F}.Debug|Any CPU.Build.0 = Debug|Any CPU
		{35F28D7A-3EB8-45E1-B78D-AE213448240F}.Release|Any CPU.ActiveCfg = Release|Any CPU
		{35F28D7A-3EB8-45E1-B78D-AE213448240F}.Release|Any CPU.Build.0 = Release|Any CPU
		{684D0C37-49CB-4FF7-9A4C-161D3A85AAF5}.Debug|Any CPU.ActiveCfg = Debug|Any CPU
		{684D0C37-49CB-4FF7-9A4C-161D3A85AAF5}.Debug|Any CPU.Build.0 = Debug|Any CPU
		{684D0C37-49CB-4FF7-9A4C-161D3A85AAF5}.Release|Any CPU.ActiveCfg = Release|Any CPU
		{684D0C37-49CB-4FF7-9A4C-161D3A85AAF5}.Release|Any CPU.Build.0 = Release|Any CPU
		{9C07212F-82BF-4E32-9EE3-5613F775ADBB}.Debug|Any CPU.ActiveCfg = Debug|Any CPU
		{9C07212F-82BF-4E32-9EE3-5613F775ADBB}.Debug|Any CPU.Build.0 = Debug|Any CPU
		{9C07212F-82BF-4E32-9EE3-5613F775ADBB}.Release|Any CPU.ActiveCfg = Release|Any CPU
		{9C07212F-82BF-4E32-9EE3-5613F775ADBB}.Release|Any CPU.Build.0 = Release|Any CPU
	EndGlobalSection
	GlobalSection(SolutionProperties) = preSolution
		HideSolutionNode = FALSE
	EndGlobalSection
EndGlobal
